
Microsoft Visual Studio Solution File, Format Version 12.00
# Visual Studio Version 17
VisualStudioVersion = 17.6.33815.320
MinimumVisualStudioVersion = 10.0.40219.1
Project("{FAE04EC0-301F-11D3-BF4B-00C04F79EFBC}") = "Aneis e estruturas de OTM", "Aneis e estruturas de OTM.csproj", "{82634FA4-864E-4918-A864-121474BED3DC}"
EndProject
Global
	GlobalSection(SolutionConfigurationPlatforms) = preSolution
		Debug|Any CPU = Debug|Any CPU
		Release|Any CPU = Release|Any CPU
	EndGlobalSection
	GlobalSection(ProjectConfigurationPlatforms) = postSolution
		{82634FA4-864E-4918-A864-121474BED3DC}.Debug|Any CPU.ActiveCfg = Debug|Any CPU
		{82634FA4-864E-4918-A864-121474BED3DC}.Debug|Any CPU.Build.0 = Debug|Any CPU
		{82634FA4-864E-4918-A864-121474BED3DC}.Release|Any CPU.ActiveCfg = Release|Any CPU
		{82634FA4-864E-4918-A864-121474BED3DC}.Release|Any CPU.Build.0 = Release|Any CPU
	EndGlobalSection
	GlobalSection(SolutionProperties) = preSolution
		HideSolutionNode = FALSE
	EndGlobalSection
	GlobalSection(ExtensibilityGlobals) = postSolution
		SolutionGuid = {FF8D8258-FCAF-408E-BE7B-D008B651986C}
	EndGlobalSection
EndGlobal
